
Microsoft Visual Studio Solution File, Format Version 12.00
# Visual Studio Version 17
VisualStudioVersion = 17.6.33829.357
MinimumVisualStudioVersion = 10.0.40219.1
Project("{FAE04EC0-301F-11D3-BF4B-00C04F79EFBC}") = "InventorySystem", "InventorySystem\InventorySystem.csproj", "{4EE8AABD-6CAC-471E-AC90-58DFC153D95E}"
EndProject
Global
	GlobalSection(SolutionConfigurationPlatforms) = preSolution
		Debug|Any CPU = Debug|Any CPU
		Release|Any CPU = Release|Any CPU
	EndGlobalSection
	GlobalSection(ProjectConfigurationPlatforms) = postSolution
		{4EE8AABD-6CAC-471E-AC90-58DFC153D95E}.Debug|Any CPU.ActiveCfg = Debug|Any CPU
		{4EE8AABD-6CAC-471E-AC90-58DFC153D95E}.Debug|Any CPU.Build.0 = Debug|Any CPU
		{4EE8AABD-6CAC-471E-AC90-58DFC153D95E}.Release|Any CPU.ActiveCfg = Release|Any CPU
		{4EE8AABD-6CAC-471E-AC90-58DFC153D95E}.Release|Any CPU.Build.0 = Release|Any CPU
	EndGlobalSection
	GlobalSection(SolutionProperties) = preSolution
		HideSolutionNode = FALSE
	EndGlobalSection
	GlobalSection(ExtensibilityGlobals) = postSolution
		SolutionGuid = {D9D3B776-4575-479F-BF31-BD9B0E025144}
	EndGlobalSection
EndGlobal
